<?xml version="1.0" encoding="utf-8"?>
<Project ToolsVersion="4.0" xmlns="http://schemas.microsoft.com/developer/msbuild/2003">
  <ItemGroup>
    <Filter Include="Header Files">
      <UniqueIdentifier>{93995380-89BD-4b04-88EB-625FBE52EBFB}</UniqueIdentifier>
      <Extensions>h;hh;hpp;hxx;h++;hm;inl;inc;ipp;xsd</Extensions>
    </Filter>
    <Filter Include="Source Files">
      <UniqueIdentifier>{960fbf73-90e5-43cd-b6c9-fd04c2209696}</UniqueIdentifier>
    </Filter>
  </ItemGroup>
  <ItemGroup>
    <ClCompile Include="src\arena.c">
      <Filter>Source Files</Filter>
    </ClCompile>
    <ClCompile Include="src\atomic.c">
      <Filter>Source Files</Filter>
    </ClCompile>
    <ClCompile Include="src\base.c">
      <Filter>Source Files</Filter>
    </ClCompile>
    <ClCompile Include="src\bitmap.c">
      <Filter>Source Files</Filter>
    </ClCompile>
    <ClCompile Include="src\chunk.c">
      <Filter>Source Files</Filter>
    </ClCompile>
    <ClCompile Include="src\chunk_dss.c">
      <Filter>Source Files</Filter>
    </ClCompile>
    <ClCompile Include="src\chunk_mmap.c">
      <Filter>Source Files</Filter>
    </ClCompile>
    <ClCompile Include="src\ckh.c">
      <Filter>Source Files</Filter>
    </ClCompile>
    <ClCompile Include="src\ctl.c">
      <Filter>Source Files</Filter>
    </ClCompile>
    <ClCompile Include="src\extent.c">
      <Filter>Source Files</Filter>
    </ClCompile>
    <ClCompile Include="src\hash.c">
      <Filter>Source Files</Filter>
    </ClCompile>
    <ClCompile Include="src\huge.c">
      <Filter>Source Files</Filter>
    </ClCompile>
    <ClCompile Include="src\jemalloc.c">
      <Filter>Source Files</Filter>
    </ClCompile>
    <ClCompile Include="src\mb.c">
      <Filter>Source Files</Filter>
    </ClCompile>
    <ClCompile Include="src\mutex.c">
      <Filter>Source Files</Filter>
    </ClCompile>
    <ClCompile Include="src\nstime.c">
      <Filter>Source Files</Filter>
    </ClCompile>
    <ClCompile Include="src\pages.c">
      <Filter>Source Files</Filter>
    </ClCompile>
    <ClCompile Include="src\prng.c">
      <Filter>Source Files</Filter>
    </ClCompile>
    <ClCompile Include="src\prof.c">
      <Filter>Source Files</Filter>
    </ClCompile>
    <ClCompile Include="src\quarantine.c">
      <Filter>Source Files</Filter>
    </ClCompile>
    <ClCompile Include="src\rtree.c">
      <Filter>Source Files</Filter>
    </ClCompile>
    <ClCompile Include="src\spin.c">
      <Filter>Source Files</Filter>
    </ClCompile>
    <ClCompile Include="src\stats.c">
      <Filter>Source Files</Filter>
    </ClCompile>
    <ClCompile Include="src\tcache.c">
      <Filter>Source Files</Filter>
    </ClCompile>
    <ClCompile Include="src\ticker.c">
      <Filter>Source Files</Filter>
    </ClCompile>
    <ClCompile Include="src\tsd.c">
      <Filter>Source Files</Filter>
    </ClCompile>
    <ClCompile Include="src\util.c">
      <Filter>Source Files</Filter>
    </ClCompile>
    <ClCompile Include="src\witness.c">
      <Filter>Source Files</Filter>
    </ClCompile>
  </ItemGroup>
</Project>